
Microsoft Visual Studio Solution File, Format Version 12.00
# Visual Studio Version 17
VisualStudioVersion = 17.11.35312.102
MinimumVisualStudioVersion = 10.0.40219.1
Project("{FAE04EC0-301F-11D3-BF4B-00C04F79EFBC}") = "LabCSharp7", "LabCSharp7.csproj", "{794A8367-6DDC-4741-B7D1-4E6DCD08EEF5}"
EndProject
Global
	GlobalSection(SolutionConfigurationPlatforms) = preSolution
		Debug|Any CPU = Debug|Any CPU
		Release|Any CPU = Release|Any CPU
	EndGlobalSection
	GlobalSection(ProjectConfigurationPlatforms) = postSolution
		{794A8367-6DDC-4741-B7D1-4E6DCD08EEF5}.Debug|Any CPU.ActiveCfg = Debug|Any CPU
		{794A8367-6DDC-4741-B7D1-4E6DCD08EEF5}.Debug|Any CPU.Build.0 = Debug|Any CPU
		{794A8367-6DDC-4741-B7D1-4E6DCD08EEF5}.Release|Any CPU.ActiveCfg = Release|Any CPU
		{794A8367-6DDC-4741-B7D1-4E6DCD08EEF5}.Release|Any CPU.Build.0 = Release|Any CPU
	EndGlobalSection
	GlobalSection(SolutionProperties) = preSolution
		HideSolutionNode = FALSE
	EndGlobalSection
	GlobalSection(ExtensibilityGlobals) = postSolution
		SolutionGuid = {0BC95BD8-1CEC-4725-B472-3CBC79954C10}
	EndGlobalSection
EndGlobal
